
Microsoft Visual Studio Solution File, Format Version 12.00
# Visual Studio Version 17
VisualStudioVersion = 17.9.34607.119
MinimumVisualStudioVersion = 10.0.40219.1
Project("{FAE04EC0-301F-11D3-BF4B-00C04F79EFBC}") = "BlazorLoginSocial", "BlazorLoginSocial\BlazorLoginSocial\BlazorLoginSocial.csproj", "{5EE2AB34-503E-4C19-A9F5-88F45565CCD8}"
EndProject
Project("{FAE04EC0-301F-11D3-BF4B-00C04F79EFBC}") = "BlazorLoginSocial.Client", "BlazorLoginSocial\BlazorLoginSocial.Client\BlazorLoginSocial.Client.csproj", "{EE07FA1D-3DF8-4C40-97B3-63F6E07A0753}"
EndProject
Global
	GlobalSection(SolutionConfigurationPlatforms) = preSolution
		Debug|Any CPU = Debug|Any CPU
		Release|Any CPU = Release|Any CPU
	EndGlobalSection
	GlobalSection(ProjectConfigurationPlatforms) = postSolution
		{5EE2AB34-503E-4C19-A9F5-88F45565CCD8}.Debug|Any CPU.ActiveCfg = Debug|Any CPU
		{5EE2AB34-503E-4C19-A9F5-88F45565CCD8}.Debug|Any CPU.Build.0 = Debug|Any CPU
		{5EE2AB34-503E-4C19-A9F5-88F45565CCD8}.Release|Any CPU.ActiveCfg = Release|Any CPU
		{5EE2AB34-503E-4C19-A9F5-88F45565CCD8}.Release|Any CPU.Build.0 = Release|Any CPU
		{EE07FA1D-3DF8-4C40-97B3-63F6E07A0753}.Debug|Any CPU.ActiveCfg = Debug|Any CPU
		{EE07FA1D-3DF8-4C40-97B3-63F6E07A0753}.Debug|Any CPU.Build.0 = Debug|Any CPU
		{EE07FA1D-3DF8-4C40-97B3-63F6E07A0753}.Release|Any CPU.ActiveCfg = Release|Any CPU
		{EE07FA1D-3DF8-4C40-97B3-63F6E07A0753}.Release|Any CPU.Build.0 = Release|Any CPU
	EndGlobalSection
	GlobalSection(SolutionProperties) = preSolution
		HideSolutionNode = FALSE
	EndGlobalSection
	GlobalSection(ExtensibilityGlobals) = postSolution
		SolutionGuid = {5FFB7EC3-8290-4007-9696-F8FE695F03A0}
	EndGlobalSection
EndGlobal
